{
  "name": "bank",
  "version": "1.0.0",
  "lockfileVersion": 3,
  "requires": true,
  "packages": {
    "": {
      "name": "bank",
      "version": "1.0.0",
      "license": "ISC",
      "dependencies": {
        "@minecraft/server": "^1.14.0-beta.1.21.20-preview.22",
        "@minecraft/server-ui": "^1.3.0-beta.1.21.20-preview.22",
        "@minecraft/vanilla-data": "^1.21.2"
      }
    },
    "node_modules/@minecraft/common": {
      "version": "1.2.0",
      "license": "MIT"
    },
    "node_modules/@minecraft/server": {
      "version": "1.14.0-beta.1.21.20-preview.23",
      "resolved": "https://registry.npmjs.org/@minecraft/server/-/server-1.14.0-beta.1.21.20-preview.23.tgz",
      "integrity": "sha512-Ajc1z3HBjiW9YHlKGI3Wl+9budVZqL8r1Dv6D+gDIWrwvJaXC8eApT6qRvnM2lpwQxjV4CMxA66EXSr7XkHrcA==",
      "license": "MIT",
      "dependencies": {
        "@minecraft/common": "^1.1.0"
      }
    },
    "node_modules/@minecraft/server-ui": {
      "version": "1.3.0-beta.1.21.20-preview.23",
      "resolved": "https://registry.npmjs.org/@minecraft/server-ui/-/server-ui-1.3.0-beta.1.21.20-preview.23.tgz",
      "integrity": "sha512-HbMmOz3btvqNH3PE/p7z6bT+ZRMWBx7F4FTuJJhAAR0p3q+ERnHPbTAznsMg37FvjdyqzNGVwPpopssKmYjVOA==",
      "license": "MIT",
      "dependencies": {
        "@minecraft/common": "^1.0.0",
        "@minecraft/server": "^1.8.0"
      }
    },
    "node_modules/@minecraft/server-ui/node_modules/@minecraft/server": {
      "version": "1.11.0",
      "resolved": "https://registry.npmjs.org/@minecraft/server/-/server-1.11.0.tgz",
      "integrity": "sha512-sVTKkAR7fgcgRrBrl+QiqlwiL07JTCSRbwSLpkmsPDvgfhH4bQsdPXC8fWZGRxwKikC4/oBxGq5j6pJp87yF6Q==",
      "license": "MIT",
      "dependencies": {
        "@minecraft/common": "^1.1.0"
      }
    },
    "node_modules/@minecraft/vanilla-data": {
      "version": "1.21.3",
      "resolved": "https://registry.npmjs.org/@minecraft/vanilla-data/-/vanilla-data-1.21.3.tgz",
      "integrity": "sha512-y0XWlCSCwRtRjWN/0zgyOyH0P2mOqOYT6ZzH/KmoVCJFPBC+ljLTUnPDBKT+SU++z3pgIDTs6QoUo6GdJyEBBw==",
      "license": "MIT"
    }
  }
}
